// !$*UTF8*$!
{
	archiveVersion = 1;
	classes = {
	};
	objectVersion = 45;
	objects = {

/* Begin PBXAggregateTarget section */
		2AC4C0911301DC8A00712FB7 /* Build Directory */ = {
			isa = PBXAggregateTarget;
			buildConfigurationList = 2AC4C0921301DC8A00712FB7 /* Build configuration list for PBXAggregateTarget "Build Directory" */;
			buildPhases = (
				2AC4C0951301DC9100712FB7 /* ShellScript */,
			);
			dependencies = (
			);
			name = "Build Directory";
			productName = "Build Directory";
		};
/* End PBXAggregateTarget section */

/* Begin PBXBuildFile section */
		2A85014410EFA6A700CA1273 /* MGMFeedback.h in Headers */ = {isa = PBXBuildFile; fileRef = 2A85014210EFA6A700CA1273 /* MGMFeedback.h */; settings = {ATTRIBUTES = (Public, ); }; };
		2A85014510EFA6A700CA1273 /* MGMFeedback.m in Sources */ = {isa = PBXBuildFile; fileRef = 2A85014310EFA6A700CA1273 /* MGMFeedback.m */; };
		2A85014910EFA81C00CA1273 /* MGMBugWindow.h in Headers */ = {isa = PBXBuildFile; fileRef = 2A85014710EFA81C00CA1273 /* MGMBugWindow.h */; settings = {ATTRIBUTES = (); }; };
		2A85014A10EFA81C00CA1273 /* MGMBugWindow.m in Sources */ = {isa = PBXBuildFile; fileRef = 2A85014810EFA81C00CA1273 /* MGMBugWindow.m */; };
		2A8502FD10F0636600CA1273 /* MGMSenderDelegate.h in Headers */ = {isa = PBXBuildFile; fileRef = 2A8502FC10F0636600CA1273 /* MGMSenderDelegate.h */; settings = {ATTRIBUTES = (Public, ); }; };
		2AB2902A10F132290080C6A1 /* MGMContactWindow.h in Headers */ = {isa = PBXBuildFile; fileRef = 2AB2902810F132290080C6A1 /* MGMContactWindow.h */; settings = {ATTRIBUTES = (); }; };
		2AB2902B10F132290080C6A1 /* MGMContactWindow.m in Sources */ = {isa = PBXBuildFile; fileRef = 2AB2902910F132290080C6A1 /* MGMContactWindow.m */; };
		2AB2985D10F54D490080C6A1 /* MGMLocalized.h in Headers */ = {isa = PBXBuildFile; fileRef = 2AB2985C10F54D490080C6A1 /* MGMLocalized.h */; settings = {ATTRIBUTES = (); }; };
		2AC4C0901301DB5900712FB7 /* main.m in Sources */ = {isa = PBXBuildFile; fileRef = 2AC4C08F1301DB5900712FB7 /* main.m */; };
		2AC4C0B51301DDBD00712FB7 /* GeckoReporter.strings in Resources */ = {isa = PBXBuildFile; fileRef = 2AC4C09B1301DDBD00712FB7 /* GeckoReporter.strings */; };
		2AC4C0B61301DDBD00712FB7 /* MGMBugWindow.xib in Resources */ = {isa = PBXBuildFile; fileRef = 2AC4C09D1301DDBD00712FB7 /* MGMBugWindow.xib */; };
		2AC4C0B71301DDBD00712FB7 /* MGMContactWindow.xib in Resources */ = {isa = PBXBuildFile; fileRef = 2AC4C09F1301DDBD00712FB7 /* MGMContactWindow.xib */; };
		2AC4C0B81301DDBD00712FB7 /* MGMReportWindow.xib in Resources */ = {isa = PBXBuildFile; fileRef = 2AC4C0A11301DDBD00712FB7 /* MGMReportWindow.xib */; };
		2AC4C0BA1301DDBD00712FB7 /* ModelNames.plist in Resources */ = {isa = PBXBuildFile; fileRef = 2AC4C0AC1301DDBD00712FB7 /* ModelNames.plist */; };
		2AC4C0CB1301E16F00712FB7 /* InfoPlist.strings in Resources */ = {isa = PBXBuildFile; fileRef = 2AC4C0C41301E16F00712FB7 /* InfoPlist.strings */; };
		2AC4C0CC1301E16F00712FB7 /* MainMenu.xib in Resources */ = {isa = PBXBuildFile; fileRef = 2AC4C0C61301E16F00712FB7 /* MainMenu.xib */; };
		2AC4C0CF1301E1A900712FB7 /* GeckoReporter.icns in Resources */ = {isa = PBXBuildFile; fileRef = 2AC4C0CE1301E1A900712FB7 /* GeckoReporter.icns */; };
		2AC4C0D11301E1B200712FB7 /* License.txt in Resources */ = {isa = PBXBuildFile; fileRef = 2AC4C0D01301E1B200712FB7 /* License.txt */; };
		2AC8695410EE8062000743D2 /* GeckoReporter.h in Headers */ = {isa = PBXBuildFile; fileRef = 2AC8694A10EE8062000743D2 /* GeckoReporter.h */; settings = {ATTRIBUTES = (Public, ); }; };
		2AC8695510EE8062000743D2 /* MGMReporter.h in Headers */ = {isa = PBXBuildFile; fileRef = 2AC8694B10EE8062000743D2 /* MGMReporter.h */; settings = {ATTRIBUTES = (Public, ); }; };
		2AC8695610EE8062000743D2 /* MGMReporter.m in Sources */ = {isa = PBXBuildFile; fileRef = 2AC8694C10EE8062000743D2 /* MGMReporter.m */; };
		2AC8695710EE8062000743D2 /* MGMReportWindow.h in Headers */ = {isa = PBXBuildFile; fileRef = 2AC8694D10EE8062000743D2 /* MGMReportWindow.h */; settings = {ATTRIBUTES = (); }; };
		2AC8695810EE8062000743D2 /* MGMReportWindow.m in Sources */ = {isa = PBXBuildFile; fileRef = 2AC8694E10EE8062000743D2 /* MGMReportWindow.m */; };
		2AC8695910EE8062000743D2 /* MGMSender.h in Headers */ = {isa = PBXBuildFile; fileRef = 2AC8694F10EE8062000743D2 /* MGMSender.h */; settings = {ATTRIBUTES = (Public, ); }; };
		2AC8695B10EE8062000743D2 /* MGMSystemInfo.h in Headers */ = {isa = PBXBuildFile; fileRef = 2AC8695110EE8062000743D2 /* MGMSystemInfo.h */; settings = {ATTRIBUTES = (Public, ); }; };
		2AC8695C10EE8062000743D2 /* MGMSystemInfo.m in Sources */ = {isa = PBXBuildFile; fileRef = 2AC8695210EE8062000743D2 /* MGMSystemInfo.m */; };
		2AC86A1210EE8C2B000743D2 /* MGMController.m in Sources */ = {isa = PBXBuildFile; fileRef = 2AC869B610EE83C3000743D2 /* MGMController.m */; };
		2AC86A7410EE901F000743D2 /* Cocoa.framework in Frameworks */ = {isa = PBXBuildFile; fileRef = 1058C7B1FEA5585E11CA2CBB /* Cocoa.framework */; };
		2AC86A7510EE902E000743D2 /* GeckoReporter.framework in Frameworks */ = {isa = PBXBuildFile; fileRef = 8DC2EF5B0486A6940098B216 /* GeckoReporter.framework */; };
		2AC86A7810EE9053000743D2 /* GeckoReporter.framework in Frameworks */ = {isa = PBXBuildFile; fileRef = 8DC2EF5B0486A6940098B216 /* GeckoReporter.framework */; };
		2AC86B4710EE9DD7000743D2 /* MGMLog.h in Headers */ = {isa = PBXBuildFile; fileRef = 2AC86B4510EE9DD7000743D2 /* MGMLog.h */; settings = {ATTRIBUTES = (Public, ); }; };
		2AC86B4810EE9DD7000743D2 /* MGMLog.m in Sources */ = {isa = PBXBuildFile; fileRef = 2AC86B4610EE9DD7000743D2 /* MGMLog.m */; };
		2AC86CF110EEC54C000743D2 /* MGMSender.m in Sources */ = {isa = PBXBuildFile; fileRef = 2AC86CF010EEC54C000743D2 /* MGMSender.m */; };
		8DC2EF570486A6940098B216 /* Cocoa.framework in Frameworks */ = {isa = PBXBuildFile; fileRef = 1058C7B1FEA5585E11CA2CBB /* Cocoa.framework */; };
/* End PBXBuildFile section */

/* Begin PBXContainerItemProxy section */
		2AC4C0961301DCB400712FB7 /* PBXContainerItemProxy */ = {
			isa = PBXContainerItemProxy;
			containerPortal = 0867D690FE84028FC02AAC07 /* Project object */;
			proxyType = 1;
			remoteGlobalIDString = 2AC4C0911301DC8A00712FB7;
			remoteInfo = "Build Directory";
		};
		2AC4C0981301DCB900712FB7 /* PBXContainerItemProxy */ = {
			isa = PBXContainerItemProxy;
			containerPortal = 0867D690FE84028FC02AAC07 /* Project object */;
			proxyType = 1;
			remoteGlobalIDString = 2AC4C0911301DC8A00712FB7;
			remoteInfo = "Build Directory";
		};
		2AC86A7610EE9049000743D2 /* PBXContainerItemProxy */ = {
			isa = PBXContainerItemProxy;
			containerPortal = 0867D690FE84028FC02AAC07 /* Project object */;
			proxyType = 1;
			remoteGlobalIDString = 8DC2EF4F0486A6940098B216;
			remoteInfo = GeckoReporter;
		};
/* End PBXContainerItemProxy section */

/* Begin PBXCopyFilesBuildPhase section */
		2AC86A1710EE8C7C000743D2 /* Frameworks */ = {
			isa = PBXCopyFilesBuildPhase;
			buildActionMask = 2147483647;
			dstPath = "";
			dstSubfolderSpec = 10;
			files = (
				2AC86A7510EE902E000743D2 /* GeckoReporter.framework in Frameworks */,
			);
			name = Frameworks;
			runOnlyForDeploymentPostprocessing = 0;
		};
/* End PBXCopyFilesBuildPhase section */

/* Begin PBXFileReference section */
		0867D69BFE84028FC02AAC07 /* Foundation.framework */ = {isa = PBXFileReference; lastKnownFileType = wrapper.framework; name = Foundation.framework; path = /System/Library/Frameworks/Foundation.framework; sourceTree = "<absolute>"; };
		0867D6A5FE840307C02AAC07 /* AppKit.framework */ = {isa = PBXFileReference; lastKnownFileType = wrapper.framework; name = AppKit.framework; path = /System/Library/Frameworks/AppKit.framework; sourceTree = "<absolute>"; };
		1058C7B1FEA5585E11CA2CBB /* Cocoa.framework */ = {isa = PBXFileReference; lastKnownFileType = wrapper.framework; name = Cocoa.framework; path = /System/Library/Frameworks/Cocoa.framework; sourceTree = "<absolute>"; };
		2A85014210EFA6A700CA1273 /* MGMFeedback.h */ = {isa = PBXFileReference; fileEncoding = 4; lastKnownFileType = sourcecode.c.h; path = MGMFeedback.h; sourceTree = "<group>"; };
		2A85014310EFA6A700CA1273 /* MGMFeedback.m */ = {isa = PBXFileReference; fileEncoding = 4; lastKnownFileType = sourcecode.c.objc; path = MGMFeedback.m; sourceTree = "<group>"; };
		2A85014710EFA81C00CA1273 /* MGMBugWindow.h */ = {isa = PBXFileReference; fileEncoding = 4; lastKnownFileType = sourcecode.c.h; path = MGMBugWindow.h; sourceTree = "<group>"; };
		2A85014810EFA81C00CA1273 /* MGMBugWindow.m */ = {isa = PBXFileReference; fileEncoding = 4; lastKnownFileType = sourcecode.c.objc; path = MGMBugWindow.m; sourceTree = "<group>"; };
		2A8502FC10F0636600CA1273 /* MGMSenderDelegate.h */ = {isa = PBXFileReference; fileEncoding = 4; lastKnownFileType = sourcecode.c.h; path = MGMSenderDelegate.h; sourceTree = "<group>"; };
		2AB2902810F132290080C6A1 /* MGMContactWindow.h */ = {isa = PBXFileReference; fileEncoding = 4; lastKnownFileType = sourcecode.c.h; path = MGMContactWindow.h; sourceTree = "<group>"; };
		2AB2902910F132290080C6A1 /* MGMContactWindow.m */ = {isa = PBXFileReference; fileEncoding = 4; lastKnownFileType = sourcecode.c.objc; path = MGMContactWindow.m; sourceTree = "<group>"; };
		2AB2985C10F54D490080C6A1 /* MGMLocalized.h */ = {isa = PBXFileReference; fileEncoding = 4; lastKnownFileType = sourcecode.c.h; path = MGMLocalized.h; sourceTree = "<group>"; };
		2AC4C08D1301DB4600712FB7 /* prefix.pch */ = {isa = PBXFileReference; lastKnownFileType = sourcecode.c.h; name = prefix.pch; path = Classes/Framework/prefix.pch; sourceTree = "<group>"; };
		2AC4C08E1301DB5100712FB7 /* prefix.pch */ = {isa = PBXFileReference; lastKnownFileType = sourcecode.c.h; name = prefix.pch; path = Classes/Test/prefix.pch; sourceTree = "<group>"; };
		2AC4C08F1301DB5900712FB7 /* main.m */ = {isa = PBXFileReference; fileEncoding = 4; lastKnownFileType = sourcecode.c.objc; name = main.m; path = Classes/Test/main.m; sourceTree = "<group>"; };
		2AC4C09C1301DDBD00712FB7 /* English */ = {isa = PBXFileReference; lastKnownFileType = text.plist.strings; name = English; path = English.lproj/GeckoReporter.strings; sourceTree = "<group>"; };
		2AC4C09E1301DDBD00712FB7 /* English */ = {isa = PBXFileReference; lastKnownFileType = file.xib; name = English; path = English.lproj/MGMBugWindow.xib; sourceTree = "<group>"; };
		2AC4C0A01301DDBD00712FB7 /* English */ = {isa = PBXFileReference; lastKnownFileType = file.xib; name = English; path = English.lproj/MGMContactWindow.xib; sourceTree = "<group>"; };
		2AC4C0A21301DDBD00712FB7 /* English */ = {isa = PBXFileReference; lastKnownFileType = file.xib; name = English; path = English.lproj/MGMReportWindow.xib; sourceTree = "<group>"; };
		2AC4C0A31301DDBD00712FB7 /* es */ = {isa = PBXFileReference; lastKnownFileType = text.plist.strings; name = es; path = es.lproj/GeckoReporter.strings; sourceTree = "<group>"; };
		2AC4C0A41301DDBD00712FB7 /* es */ = {isa = PBXFileReference; lastKnownFileType = file.xib; name = es; path = es.lproj/MGMBugWindow.xib; sourceTree = "<group>"; };
		2AC4C0A51301DDBD00712FB7 /* es */ = {isa = PBXFileReference; lastKnownFileType = file.xib; name = es; path = es.lproj/MGMContactWindow.xib; sourceTree = "<group>"; };
		2AC4C0A61301DDBD00712FB7 /* es */ = {isa = PBXFileReference; lastKnownFileType = file.xib; name = es; path = es.lproj/MGMReportWindow.xib; sourceTree = "<group>"; };
		2AC4C0A71301DDBD00712FB7 /* French */ = {isa = PBXFileReference; lastKnownFileType = text.plist.strings; name = French; path = French.lproj/GeckoReporter.strings; sourceTree = "<group>"; };
		2AC4C0A81301DDBD00712FB7 /* French */ = {isa = PBXFileReference; lastKnownFileType = file.xib; name = French; path = French.lproj/MGMBugWindow.xib; sourceTree = "<group>"; };
		2AC4C0A91301DDBD00712FB7 /* French */ = {isa = PBXFileReference; lastKnownFileType = file.xib; name = French; path = French.lproj/MGMContactWindow.xib; sourceTree = "<group>"; };
		2AC4C0AA1301DDBD00712FB7 /* French */ = {isa = PBXFileReference; lastKnownFileType = file.xib; name = French; path = French.lproj/MGMReportWindow.xib; sourceTree = "<group>"; };
		2AC4C0AC1301DDBD00712FB7 /* ModelNames.plist */ = {isa = PBXFileReference; fileEncoding = 4; lastKnownFileType = text.plist.xml; path = ModelNames.plist; sourceTree = "<group>"; };
		2AC4C0AD1301DDBD00712FB7 /* pt-PT */ = {isa = PBXFileReference; lastKnownFileType = text.plist.strings; name = "pt-PT"; path = "pt-PT.lproj/GeckoReporter.strings"; sourceTree = "<group>"; };
		2AC4C0AE1301DDBD00712FB7 /* pt-PT */ = {isa = PBXFileReference; lastKnownFileType = file.xib; name = "pt-PT"; path = "pt-PT.lproj/MGMBugWindow.xib"; sourceTree = "<group>"; };
		2AC4C0AF1301DDBD00712FB7 /* pt-PT */ = {isa = PBXFileReference; lastKnownFileType = file.xib; name = "pt-PT"; path = "pt-PT.lproj/MGMContactWindow.xib"; sourceTree = "<group>"; };
		2AC4C0B01301DDBD00712FB7 /* pt-PT */ = {isa = PBXFileReference; lastKnownFileType = file.xib; name = "pt-PT"; path = "pt-PT.lproj/MGMReportWindow.xib"; sourceTree = "<group>"; };
		2AC4C0B11301DDBD00712FB7 /* sv */ = {isa = PBXFileReference; lastKnownFileType = text.plist.strings; name = sv; path = sv.lproj/GeckoReporter.strings; sourceTree = "<group>"; };
		2AC4C0B21301DDBD00712FB7 /* sv */ = {isa = PBXFileReference; lastKnownFileType = file.xib; name = sv; path = sv.lproj/MGMBugWindow.xib; sourceTree = "<group>"; };
		2AC4C0B31301DDBD00712FB7 /* sv */ = {isa = PBXFileReference; lastKnownFileType = file.xib; name = sv; path = sv.lproj/MGMContactWindow.xib; sourceTree = "<group>"; };
		2AC4C0B41301DDBD00712FB7 /* sv */ = {isa = PBXFileReference; lastKnownFileType = file.xib; name = sv; path = sv.lproj/MGMReportWindow.xib; sourceTree = "<group>"; };
		2AC4C0BB1301DDD100712FB7 /* Info.plist */ = {isa = PBXFileReference; lastKnownFileType = text.plist; path = Info.plist; sourceTree = "<group>"; };
		2AC4C0C51301E16F00712FB7 /* English */ = {isa = PBXFileReference; lastKnownFileType = text.plist.strings; name = English; path = English.lproj/InfoPlist.strings; sourceTree = "<group>"; };
		2AC4C0C71301E16F00712FB7 /* English */ = {isa = PBXFileReference; lastKnownFileType = file.xib; name = English; path = English.lproj/MainMenu.xib; sourceTree = "<group>"; };
		2AC4C0C81301E16F00712FB7 /* es */ = {isa = PBXFileReference; lastKnownFileType = file.xib; name = es; path = es.lproj/MainMenu.xib; sourceTree = "<group>"; };
		2AC4C0C91301E16F00712FB7 /* Info.plist */ = {isa = PBXFileReference; lastKnownFileType = text.plist; path = Info.plist; sourceTree = "<group>"; };
		2AC4C0CA1301E16F00712FB7 /* pt-PT */ = {isa = PBXFileReference; lastKnownFileType = file.xib; name = "pt-PT"; path = "pt-PT.lproj/MainMenu.xib"; sourceTree = "<group>"; };
		2AC4C0CE1301E1A900712FB7 /* GeckoReporter.icns */ = {isa = PBXFileReference; lastKnownFileType = image.icns; path = GeckoReporter.icns; sourceTree = SOURCE_ROOT; };
		2AC4C0D01301E1B200712FB7 /* License.txt */ = {isa = PBXFileReference; fileEncoding = 4; lastKnownFileType = text; path = License.txt; sourceTree = SOURCE_ROOT; };
		2AC8694A10EE8062000743D2 /* GeckoReporter.h */ = {isa = PBXFileReference; fileEncoding = 4; lastKnownFileType = sourcecode.c.h; path = GeckoReporter.h; sourceTree = "<group>"; };
		2AC8694B10EE8062000743D2 /* MGMReporter.h */ = {isa = PBXFileReference; fileEncoding = 4; lastKnownFileType = sourcecode.c.h; path = MGMReporter.h; sourceTree = "<group>"; };
		2AC8694C10EE8062000743D2 /* MGMReporter.m */ = {isa = PBXFileReference; fileEncoding = 4; lastKnownFileType = sourcecode.c.objc; path = MGMReporter.m; sourceTree = "<group>"; };
		2AC8694D10EE8062000743D2 /* MGMReportWindow.h */ = {isa = PBXFileReference; fileEncoding = 4; lastKnownFileType = sourcecode.c.h; path = MGMReportWindow.h; sourceTree = "<group>"; };
		2AC8694E10EE8062000743D2 /* MGMReportWindow.m */ = {isa = PBXFileReference; fileEncoding = 4; lastKnownFileType = sourcecode.c.objc; path = MGMReportWindow.m; sourceTree = "<group>"; };
		2AC8694F10EE8062000743D2 /* MGMSender.h */ = {isa = PBXFileReference; fileEncoding = 4; lastKnownFileType = sourcecode.c.h; path = MGMSender.h; sourceTree = "<group>"; };
		2AC8695110EE8062000743D2 /* MGMSystemInfo.h */ = {isa = PBXFileReference; fileEncoding = 4; lastKnownFileType = sourcecode.c.h; path = MGMSystemInfo.h; sourceTree = "<group>"; };
		2AC8695210EE8062000743D2 /* MGMSystemInfo.m */ = {isa = PBXFileReference; fileEncoding = 4; lastKnownFileType = sourcecode.c.objc; path = MGMSystemInfo.m; sourceTree = "<group>"; };
		2AC869B510EE83C3000743D2 /* MGMController.h */ = {isa = PBXFileReference; fileEncoding = 4; lastKnownFileType = sourcecode.c.h; path = MGMController.h; sourceTree = "<group>"; };
		2AC869B610EE83C3000743D2 /* MGMController.m */ = {isa = PBXFileReference; fileEncoding = 4; lastKnownFileType = sourcecode.c.objc; path = MGMController.m; sourceTree = "<group>"; };
		2AC86A0B10EE8C12000743D2 /* GeckoReporter Test.app */ = {isa = PBXFileReference; explicitFileType = wrapper.application; includeInIndex = 0; path = "GeckoReporter Test.app"; sourceTree = BUILT_PRODUCTS_DIR; };
		2AC86B4510EE9DD7000743D2 /* MGMLog.h */ = {isa = PBXFileReference; fileEncoding = 4; lastKnownFileType = sourcecode.c.h; path = MGMLog.h; sourceTree = "<group>"; };
		2AC86B4610EE9DD7000743D2 /* MGMLog.m */ = {isa = PBXFileReference; fileEncoding = 4; lastKnownFileType = sourcecode.c.objc; path = MGMLog.m; sourceTree = "<group>"; };
		2AC86CF010EEC54C000743D2 /* MGMSender.m */ = {isa = PBXFileReference; fileEncoding = 4; lastKnownFileType = sourcecode.c.objc; path = MGMSender.m; sourceTree = "<group>"; };
		8DC2EF5B0486A6940098B216 /* GeckoReporter.framework */ = {isa = PBXFileReference; explicitFileType = wrapper.framework; includeInIndex = 0; path = GeckoReporter.framework; sourceTree = BUILT_PRODUCTS_DIR; };
		D2F7E79907B2D74100F64583 /* CoreData.framework */ = {isa = PBXFileReference; lastKnownFileType = wrapper.framework; name = CoreData.framework; path = /System/Library/Frameworks/CoreData.framework; sourceTree = "<absolute>"; };
/* End PBXFileReference section */

/* Begin PBXFrameworksBuildPhase section */
		2AC86A0910EE8C12000743D2 /* Frameworks */ = {
			isa = PBXFrameworksBuildPhase;
			buildActionMask = 2147483647;
			files = (
				2AC86A7810EE9053000743D2 /* GeckoReporter.framework in Frameworks */,
				2AC86A7410EE901F000743D2 /* Cocoa.framework in Frameworks */,
			);
			runOnlyForDeploymentPostprocessing = 0;
		};
		8DC2EF560486A6940098B216 /* Frameworks */ = {
			isa = PBXFrameworksBuildPhase;
			buildActionMask = 2147483647;
			files = (
				8DC2EF570486A6940098B216 /* Cocoa.framework in Frameworks */,
			);
			runOnlyForDeploymentPostprocessing = 0;
		};
/* End PBXFrameworksBuildPhase section */

/* Begin PBXGroup section */
		034768DFFF38A50411DB9C8B /* Products */ = {
			isa = PBXGroup;
			children = (
				8DC2EF5B0486A6940098B216 /* GeckoReporter.framework */,
				2AC86A0B10EE8C12000743D2 /* GeckoReporter Test.app */,
			);
			name = Products;
			sourceTree = "<group>";
		};
		0867D691FE84028FC02AAC07 /* GeckoReporter */ = {
			isa = PBXGroup;
			children = (
				2AC8694810EE8062000743D2 /* Classes */,
				32C88DFF0371C24200C91783 /* Other Sources */,
				2AC8695D10EE808D000743D2 /* Resources */,
				0867D69AFE84028FC02AAC07 /* External Frameworks and Libraries */,
				034768DFFF38A50411DB9C8B /* Products */,
			);
			name = GeckoReporter;
			sourceTree = "<group>";
		};
		0867D69AFE84028FC02AAC07 /* External Frameworks and Libraries */ = {
			isa = PBXGroup;
			children = (
				1058C7B0FEA5585E11CA2CBB /* Linked Frameworks */,
				1058C7B2FEA5585E11CA2CBB /* Other Frameworks */,
			);
			name = "External Frameworks and Libraries";
			sourceTree = "<group>";
		};
		1058C7B0FEA5585E11CA2CBB /* Linked Frameworks */ = {
			isa = PBXGroup;
			children = (
				1058C7B1FEA5585E11CA2CBB /* Cocoa.framework */,
			);
			name = "Linked Frameworks";
			sourceTree = "<group>";
		};
		1058C7B2FEA5585E11CA2CBB /* Other Frameworks */ = {
			isa = PBXGroup;
			children = (
				0867D6A5FE840307C02AAC07 /* AppKit.framework */,
				D2F7E79907B2D74100F64583 /* CoreData.framework */,
				0867D69BFE84028FC02AAC07 /* Foundation.framework */,
			);
			name = "Other Frameworks";
			sourceTree = "<group>";
		};
		2AC4C08B1301DB2B00712FB7 /* Test */ = {
			isa = PBXGroup;
			children = (
				2AC4C08F1301DB5900712FB7 /* main.m */,
				2AC4C08E1301DB5100712FB7 /* prefix.pch */,
			);
			name = Test;
			sourceTree = "<group>";
		};
		2AC4C08C1301DB3400712FB7 /* Framework */ = {
			isa = PBXGroup;
			children = (
				2AC4C08D1301DB4600712FB7 /* prefix.pch */,
			);
			name = Framework;
			sourceTree = "<group>";
		};
		2AC4C09A1301DDBD00712FB7 /* Framework */ = {
			isa = PBXGroup;
			children = (
				2AC4C09B1301DDBD00712FB7 /* GeckoReporter.strings */,
				2AC4C09D1301DDBD00712FB7 /* MGMBugWindow.xib */,
				2AC4C09F1301DDBD00712FB7 /* MGMContactWindow.xib */,
				2AC4C0A11301DDBD00712FB7 /* MGMReportWindow.xib */,
				2AC4C0BB1301DDD100712FB7 /* Info.plist */,
				2AC4C0AC1301DDBD00712FB7 /* ModelNames.plist */,
				2AC4C0D01301E1B200712FB7 /* License.txt */,
			);
			path = Framework;
			sourceTree = "<group>";
		};
		2AC4C0C31301E16E00712FB7 /* Test */ = {
			isa = PBXGroup;
			children = (
				2AC4C0C41301E16F00712FB7 /* InfoPlist.strings */,
				2AC4C0C61301E16F00712FB7 /* MainMenu.xib */,
				2AC4C0C91301E16F00712FB7 /* Info.plist */,
				2AC4C0CE1301E1A900712FB7 /* GeckoReporter.icns */,
			);
			path = Test;
			sourceTree = "<group>";
		};
		2AC8694810EE8062000743D2 /* Classes */ = {
			isa = PBXGroup;
			children = (
				2AC8694910EE8062000743D2 /* Framework */,
				2AC8695310EE8062000743D2 /* Test */,
			);
			path = Classes;
			sourceTree = "<group>";
		};
		2AC8694910EE8062000743D2 /* Framework */ = {
			isa = PBXGroup;
			children = (
				2AC8694A10EE8062000743D2 /* GeckoReporter.h */,
				2AC8694B10EE8062000743D2 /* MGMReporter.h */,
				2AC8694C10EE8062000743D2 /* MGMReporter.m */,
				2AC8694D10EE8062000743D2 /* MGMReportWindow.h */,
				2AC8694E10EE8062000743D2 /* MGMReportWindow.m */,
				2A85014210EFA6A700CA1273 /* MGMFeedback.h */,
				2A85014310EFA6A700CA1273 /* MGMFeedback.m */,
				2A85014710EFA81C00CA1273 /* MGMBugWindow.h */,
				2A85014810EFA81C00CA1273 /* MGMBugWindow.m */,
				2AB2902810F132290080C6A1 /* MGMContactWindow.h */,
				2AB2902910F132290080C6A1 /* MGMContactWindow.m */,
				2A8502FC10F0636600CA1273 /* MGMSenderDelegate.h */,
				2AC8694F10EE8062000743D2 /* MGMSender.h */,
				2AC86CF010EEC54C000743D2 /* MGMSender.m */,
				2AC8695110EE8062000743D2 /* MGMSystemInfo.h */,
				2AC8695210EE8062000743D2 /* MGMSystemInfo.m */,
				2AC86B4510EE9DD7000743D2 /* MGMLog.h */,
				2AC86B4610EE9DD7000743D2 /* MGMLog.m */,
				2AB2985C10F54D490080C6A1 /* MGMLocalized.h */,
			);
			path = Framework;
			sourceTree = "<group>";
		};
		2AC8695310EE8062000743D2 /* Test */ = {
			isa = PBXGroup;
			children = (
				2AC869B510EE83C3000743D2 /* MGMController.h */,
				2AC869B610EE83C3000743D2 /* MGMController.m */,
			);
			path = Test;
			sourceTree = "<group>";
		};
		2AC8695D10EE808D000743D2 /* Resources */ = {
			isa = PBXGroup;
			children = (
				2AC4C09A1301DDBD00712FB7 /* Framework */,
				2AC4C0C31301E16E00712FB7 /* Test */,
			);
			path = Resources;
			sourceTree = "<group>";
		};
		32C88DFF0371C24200C91783 /* Other Sources */ = {
			isa = PBXGroup;
			children = (
				2AC4C08C1301DB3400712FB7 /* Framework */,
				2AC4C08B1301DB2B00712FB7 /* Test */,
			);
			name = "Other Sources";
			sourceTree = "<group>";
		};
/* End PBXGroup section */

/* Begin PBXHeadersBuildPhase section */
		8DC2EF500486A6940098B216 /* Headers */ = {
			isa = PBXHeadersBuildPhase;
			buildActionMask = 2147483647;
			files = (
				2AC8695410EE8062000743D2 /* GeckoReporter.h in Headers */,
				2AC8695510EE8062000743D2 /* MGMReporter.h in Headers */,
				2AC8695910EE8062000743D2 /* MGMSender.h in Headers */,
				2AC8695B10EE8062000743D2 /* MGMSystemInfo.h in Headers */,
				2AC86B4710EE9DD7000743D2 /* MGMLog.h in Headers */,
				2A85014410EFA6A700CA1273 /* MGMFeedback.h in Headers */,
				2A8502FD10F0636600CA1273 /* MGMSenderDelegate.h in Headers */,
				2AC8695710EE8062000743D2 /* MGMReportWindow.h in Headers */,
				2A85014910EFA81C00CA1273 /* MGMBugWindow.h in Headers */,
				2AB2902A10F132290080C6A1 /* MGMContactWindow.h in Headers */,
				2AB2985D10F54D490080C6A1 /* MGMLocalized.h in Headers */,
			);
			runOnlyForDeploymentPostprocessing = 0;
		};
/* End PBXHeadersBuildPhase section */

/* Begin PBXNativeTarget section */
		2AC86A0A10EE8C12000743D2 /* GeckoReporter Test */ = {
			isa = PBXNativeTarget;
			buildConfigurationList = 2AC86A1810EE8C7C000743D2 /* Build configuration list for PBXNativeTarget "GeckoReporter Test" */;
			buildPhases = (
				2AC86A0710EE8C12000743D2 /* Resources */,
				2AC86A0810EE8C12000743D2 /* Sources */,
				2AC86A0910EE8C12000743D2 /* Frameworks */,
				2AC86A1710EE8C7C000743D2 /* Frameworks */,
			);
			buildRules = (
			);
			dependencies = (
				2AC4C0991301DCB900712FB7 /* PBXTargetDependency */,
				2AC86A7710EE9049000743D2 /* PBXTargetDependency */,
			);
			name = "GeckoReporter Test";
			productName = "GeckoReporter Test";
			productReference = 2AC86A0B10EE8C12000743D2 /* GeckoReporter Test.app */;
			productType = "com.apple.product-type.application";
		};
		8DC2EF4F0486A6940098B216 /* GeckoReporter */ = {
			isa = PBXNativeTarget;
			buildConfigurationList = 1DEB91AD08733DA50010E9CD /* Build configuration list for PBXNativeTarget "GeckoReporter" */;
			buildPhases = (
				8DC2EF500486A6940098B216 /* Headers */,
				8DC2EF520486A6940098B216 /* Resources */,
				8DC2EF540486A6940098B216 /* Sources */,
				8DC2EF560486A6940098B216 /* Frameworks */,
			);
			buildRules = (
			);
			dependencies = (
				2AC4C0971301DCB400712FB7 /* PBXTargetDependency */,
			);
			name = GeckoReporter;
			productInstallPath = "$(HOME)/Library/Frameworks";
			productName = GeckoReporter;
			productReference = 8DC2EF5B0486A6940098B216 /* GeckoReporter.framework */;
			productType = "com.apple.product-type.framework";
		};
/* End PBXNativeTarget section */

/* Begin PBXProject section */
		0867D690FE84028FC02AAC07 /* Project object */ = {
			isa = PBXProject;
			buildConfigurationList = 1DEB91B108733DA50010E9CD /* Build configuration list for PBXProject "GeckoReporter" */;
			compatibilityVersion = "Xcode 3.1";
			developmentRegion = English;
			hasScannedForEncodings = 1;
			knownRegions = (
				English,
				Japanese,
				French,
				German,
				"pt-PT",
				pt_PT,
				es,
				se,
				sv,
			);
			mainGroup = 0867D691FE84028FC02AAC07 /* GeckoReporter */;
			productRefGroup = 034768DFFF38A50411DB9C8B /* Products */;
			projectDirPath = "";
			projectRoot = "";
			targets = (
				8DC2EF4F0486A6940098B216 /* GeckoReporter */,
				2AC86A0A10EE8C12000743D2 /* GeckoReporter Test */,
				2AC4C0911301DC8A00712FB7 /* Build Directory */,
			);
		};
/* End PBXProject section */

/* Begin PBXResourcesBuildPhase section */
		2AC86A0710EE8C12000743D2 /* Resources */ = {
			isa = PBXResourcesBuildPhase;
			buildActionMask = 2147483647;
			files = (
				2AC4C0CB1301E16F00712FB7 /* InfoPlist.strings in Resources */,
				2AC4C0CC1301E16F00712FB7 /* MainMenu.xib in Resources */,
				2AC4C0CF1301E1A900712FB7 /* GeckoReporter.icns in Resources */,
			);
			runOnlyForDeploymentPostprocessing = 0;
		};
		8DC2EF520486A6940098B216 /* Resources */ = {
			isa = PBXResourcesBuildPhase;
			buildActionMask = 2147483647;
			files = (
				2AC4C0B51301DDBD00712FB7 /* GeckoReporter.strings in Resources */,
				2AC4C0B61301DDBD00712FB7 /* MGMBugWindow.xib in Resources */,
				2AC4C0B71301DDBD00712FB7 /* MGMContactWindow.xib in Resources */,
				2AC4C0B81301DDBD00712FB7 /* MGMReportWindow.xib in Resources */,
				2AC4C0BA1301DDBD00712FB7 /* ModelNames.plist in Resources */,
				2AC4C0D11301E1B200712FB7 /* License.txt in Resources */,
			);
			runOnlyForDeploymentPostprocessing = 0;
		};
/* End PBXResourcesBuildPhase section */

/* Begin PBXShellScriptBuildPhase section */
		2AC4C0951301DC9100712FB7 /* ShellScript */ = {
			isa = PBXShellScriptBuildPhase;
			buildActionMask = 2147483647;
			files = (
			);
			inputPaths = (
			);
			outputPaths = (
			);
			runOnlyForDeploymentPostprocessing = 0;
			shellPath = /bin/sh;
			shellScript = "if [ \"$SRCROOT/build\" != \"$SYMROOT\" ]; then\n\tif [ -d \"$SRCROOT/build\" ]; then\n\t\t/bin/rm -Rf \"$SRCROOT/build\"\n\tfi\n\t/bin/ln -fs \"$SYMROOT\" \"$SRCROOT/build\"\nfi";
		};
/* End PBXShellScriptBuildPhase section */

/* Begin PBXSourcesBuildPhase section */
		2AC86A0810EE8C12000743D2 /* Sources */ = {
			isa = PBXSourcesBuildPhase;
			buildActionMask = 2147483647;
			files = (
				2AC86A1210EE8C2B000743D2 /* MGMController.m in Sources */,
				2AC4C0901301DB5900712FB7 /* main.m in Sources */,
			);
			runOnlyForDeploymentPostprocessing = 0;
		};
		8DC2EF540486A6940098B216 /* Sources */ = {
			isa = PBXSourcesBuildPhase;
			buildActionMask = 2147483647;
			files = (
				2AC8695610EE8062000743D2 /* MGMReporter.m in Sources */,
				2AC8695810EE8062000743D2 /* MGMReportWindow.m in Sources */,
				2AC8695C10EE8062000743D2 /* MGMSystemInfo.m in Sources */,
				2AC86B4810EE9DD7000743D2 /* MGMLog.m in Sources */,
				2AC86CF110EEC54C000743D2 /* MGMSender.m in Sources */,
				2A85014510EFA6A700CA1273 /* MGMFeedback.m in Sources */,
				2A85014A10EFA81C00CA1273 /* MGMBugWindow.m in Sources */,
				2AB2902B10F132290080C6A1 /* MGMContactWindow.m in Sources */,
			);
			runOnlyForDeploymentPostprocessing = 0;
		};
/* End PBXSourcesBuildPhase section */

/* Begin PBXTargetDependency section */
		2AC4C0971301DCB400712FB7 /* PBXTargetDependency */ = {
			isa = PBXTargetDependency;
			target = 2AC4C0911301DC8A00712FB7 /* Build Directory */;
			targetProxy = 2AC4C0961301DCB400712FB7 /* PBXContainerItemProxy */;
		};
		2AC4C0991301DCB900712FB7 /* PBXTargetDependency */ = {
			isa = PBXTargetDependency;
			target = 2AC4C0911301DC8A00712FB7 /* Build Directory */;
			targetProxy = 2AC4C0981301DCB900712FB7 /* PBXContainerItemProxy */;
		};
		2AC86A7710EE9049000743D2 /* PBXTargetDependency */ = {
			isa = PBXTargetDependency;
			target = 8DC2EF4F0486A6940098B216 /* GeckoReporter */;
			targetProxy = 2AC86A7610EE9049000743D2 /* PBXContainerItemProxy */;
		};
/* End PBXTargetDependency section */

/* Begin PBXVariantGroup section */
		2AC4C09B1301DDBD00712FB7 /* GeckoReporter.strings */ = {
			isa = PBXVariantGroup;
			children = (
				2AC4C09C1301DDBD00712FB7 /* English */,
				2AC4C0A31301DDBD00712FB7 /* es */,
				2AC4C0A71301DDBD00712FB7 /* French */,
				2AC4C0AD1301DDBD00712FB7 /* pt-PT */,
				2AC4C0B11301DDBD00712FB7 /* sv */,
			);
			name = GeckoReporter.strings;
			sourceTree = "<group>";
		};
		2AC4C09D1301DDBD00712FB7 /* MGMBugWindow.xib */ = {
			isa = PBXVariantGroup;
			children = (
				2AC4C09E1301DDBD00712FB7 /* English */,
				2AC4C0A41301DDBD00712FB7 /* es */,
				2AC4C0A81301DDBD00712FB7 /* French */,
				2AC4C0AE1301DDBD00712FB7 /* pt-PT */,
				2AC4C0B21301DDBD00712FB7 /* sv */,
			);
			name = MGMBugWindow.xib;
			sourceTree = "<group>";
		};
		2AC4C09F1301DDBD00712FB7 /* MGMContactWindow.xib */ = {
			isa = PBXVariantGroup;
			children = (
				2AC4C0A01301DDBD00712FB7 /* English */,
				2AC4C0A51301DDBD00712FB7 /* es */,
				2AC4C0A91301DDBD00712FB7 /* French */,
				2AC4C0AF1301DDBD00712FB7 /* pt-PT */,
				2AC4C0B31301DDBD00712FB7 /* sv */,
			);
			name = MGMContactWindow.xib;
			sourceTree = "<group>";
		};
		2AC4C0A11301DDBD00712FB7 /* MGMReportWindow.xib */ = {
			isa = PBXVariantGroup;
			children = (
				2AC4C0A21301DDBD00712FB7 /* English */,
				2AC4C0A61301DDBD00712FB7 /* es */,
				2AC4C0AA1301DDBD00712FB7 /* French */,
				2AC4C0B01301DDBD00712FB7 /* pt-PT */,
				2AC4C0B41301DDBD00712FB7 /* sv */,
			);
			name = MGMReportWindow.xib;
			sourceTree = "<group>";
		};
		2AC4C0C41301E16F00712FB7 /* InfoPlist.strings */ = {
			isa = PBXVariantGroup;
			children = (
				2AC4C0C51301E16F00712FB7 /* English */,
			);
			name = InfoPlist.strings;
			sourceTree = "<group>";
		};
		2AC4C0C61301E16F00712FB7 /* MainMenu.xib */ = {
			isa = PBXVariantGroup;
			children = (
				2AC4C0C71301E16F00712FB7 /* English */,
				2AC4C0C81301E16F00712FB7 /* es */,
				2AC4C0CA1301E16F00712FB7 /* pt-PT */,
			);
			name = MainMenu.xib;
			sourceTree = "<group>";
		};
/* End PBXVariantGroup section */

/* Begin XCBuildConfiguration section */
		1DEB91AE08733DA50010E9CD /* Debug */ = {
			isa = XCBuildConfiguration;
			buildSettings = {
				ALWAYS_SEARCH_USER_PATHS = NO;
				COPY_PHASE_STRIP = NO;
				DYLIB_COMPATIBILITY_VERSION = 1;
				DYLIB_CURRENT_VERSION = 1;
				FRAMEWORK_VERSION = A;
				GCC_DYNAMIC_NO_PIC = NO;
				GCC_ENABLE_FIX_AND_CONTINUE = YES;
				GCC_MODEL_TUNING = G5;
				GCC_OPTIMIZATION_LEVEL = 0;
				GCC_PRECOMPILE_PREFIX_HEADER = YES;
				GCC_PREFIX_HEADER = Classes/Framework/prefix.pch;
				INFOPLIST_FILE = Resources/Framework/Info.plist;
				INSTALL_PATH = "@executable_path/../Frameworks";
				PRODUCT_NAME = GeckoReporter;
				SKIP_INSTALL = YES;
				WRAPPER_EXTENSION = framework;
			};
			name = Debug;
		};
		1DEB91AF08733DA50010E9CD /* Release */ = {
			isa = XCBuildConfiguration;
			buildSettings = {
				ALWAYS_SEARCH_USER_PATHS = YES;
				DEBUG_INFORMATION_FORMAT = "dwarf-with-dsym";
				DYLIB_COMPATIBILITY_VERSION = 1;
				DYLIB_CURRENT_VERSION = 1;
				FRAMEWORK_VERSION = A;
				GCC_MODEL_TUNING = G5;
				GCC_PRECOMPILE_PREFIX_HEADER = YES;
				GCC_PREFIX_HEADER = Classes/Framework/prefix.pch;
				INFOPLIST_FILE = Resources/Framework/Info.plist;
				INSTALL_PATH = "@executable_path/../Frameworks";
				PRODUCT_NAME = GeckoReporter;
				SKIP_INSTALL = YES;
				WRAPPER_EXTENSION = framework;
			};
			name = Release;
		};
		1DEB91B208733DA50010E9CD /* Debug */ = {
			isa = XCBuildConfiguration;
			buildSettings = {
				ARCHS = (
					ppc,
					i386,
					x86_64,
				);
				GCC_C_LANGUAGE_STANDARD = gnu99;
				GCC_OPTIMIZATION_LEVEL = 0;
				GCC_VERSION = 4.2;
				GCC_WARN_ABOUT_RETURN_TYPE = YES;
				GCC_WARN_UNUSED_VARIABLE = YES;
				MACOSX_DEPLOYMENT_TARGET = 10.4;
				"MACOSX_DEPLOYMENT_TARGET[arch=x86_64]" = 10.5;
				ONLY_ACTIVE_ARCH = YES;
				PREBINDING = NO;
				SDKROOT = macosx10.5;
				VALID_ARCHS = "ppc i386 x86_64";
			};
			name = Debug;
		};
		1DEB91B308733DA50010E9CD /* Release */ = {
			isa = XCBuildConfiguration;
			buildSettings = {
				ARCHS = (
					ppc,
					i386,
					x86_64,
				);
				GCC_C_LANGUAGE_STANDARD = gnu99;
				GCC_VERSION = 4.2;
				GCC_WARN_ABOUT_RETURN_TYPE = YES;
				GCC_WARN_UNUSED_VARIABLE = YES;
				MACOSX_DEPLOYMENT_TARGET = 10.4;
				"MACOSX_DEPLOYMENT_TARGET[arch=x86_64]" = 10.5;
				PREBINDING = NO;
				SDKROOT = macosx10.5;
				VALID_ARCHS = "ppc i386 x86_64";
			};
			name = Release;
		};
		2AC4C0931301DC8A00712FB7 /* Debug */ = {
			isa = XCBuildConfiguration;
			buildSettings = {
				PRODUCT_NAME = "$(TARGET_NAME)";
			};
			name = Debug;
		};
		2AC4C0941301DC8A00712FB7 /* Release */ = {
			isa = XCBuildConfiguration;
			buildSettings = {
				PRODUCT_NAME = "$(TARGET_NAME)";
			};
			name = Release;
		};
		2AC86A0D10EE8C13000743D2 /* Debug */ = {
			isa = XCBuildConfiguration;
			buildSettings = {
				ALWAYS_SEARCH_USER_PATHS = NO;
				COPY_PHASE_STRIP = NO;
				GCC_DYNAMIC_NO_PIC = NO;
				GCC_ENABLE_FIX_AND_CONTINUE = YES;
				GCC_MODEL_TUNING = G5;
				GCC_OPTIMIZATION_LEVEL = 0;
				GCC_PRECOMPILE_PREFIX_HEADER = YES;
				GCC_PREFIX_HEADER = Classes/Test/prefix.pch;
				INFOPLIST_FILE = Resources/Test/Info.plist;
				INSTALL_PATH = "$(HOME)/Applications";
				OTHER_LDFLAGS = (
					"-framework",
					Foundation,
					"-framework",
					AppKit,
				);
				PREBINDING = NO;
				PRODUCT_NAME = "GeckoReporter Test";
			};
			name = Debug;
		};
		2AC86A0E10EE8C13000743D2 /* Release */ = {
			isa = XCBuildConfiguration;
			buildSettings = {
				ALWAYS_SEARCH_USER_PATHS = NO;
				COPY_PHASE_STRIP = YES;
				DEBUG_INFORMATION_FORMAT = "dwarf-with-dsym";
				GCC_ENABLE_FIX_AND_CONTINUE = NO;
				GCC_MODEL_TUNING = G5;
				GCC_PRECOMPILE_PREFIX_HEADER = YES;
				GCC_PREFIX_HEADER = Classes/Test/prefix.pch;
				INFOPLIST_FILE = Resources/Test/Info.plist;
				INSTALL_PATH = "$(HOME)/Applications";
				OTHER_LDFLAGS = (
					"-framework",
					Foundation,
					"-framework",
					AppKit,
				);
				PREBINDING = NO;
				PRODUCT_NAME = "GeckoReporter Test";
				ZERO_LINK = NO;
			};
			name = Release;
		};
/* End XCBuildConfiguration section */

/* Begin XCConfigurationList section */
		1DEB91AD08733DA50010E9CD /* Build configuration list for PBXNativeTarget "GeckoReporter" */ = {
			isa = XCConfigurationList;
			buildConfigurations = (
				1DEB91AE08733DA50010E9CD /* Debug */,
				1DEB91AF08733DA50010E9CD /* Release */,
			);
			defaultConfigurationIsVisible = 0;
			defaultConfigurationName = Release;
		};
		1DEB91B108733DA50010E9CD /* Build configuration list for PBXProject "GeckoReporter" */ = {
			isa = XCConfigurationList;
			buildConfigurations = (
				1DEB91B208733DA50010E9CD /* Debug */,
				1DEB91B308733DA50010E9CD /* Release */,
			);
			defaultConfigurationIsVisible = 0;
			defaultConfigurationName = Release;
		};
		2AC4C0921301DC8A00712FB7 /* Build configuration list for PBXAggregateTarget "Build Directory" */ = {
			isa = XCConfigurationList;
			buildConfigurations = (
				2AC4C0931301DC8A00712FB7 /* Debug */,
				2AC4C0941301DC8A00712FB7 /* Release */,
			);
			defaultConfigurationIsVisible = 0;
			defaultConfigurationName = Release;
		};
		2AC86A1810EE8C7C000743D2 /* Build configuration list for PBXNativeTarget "GeckoReporter Test" */ = {
			isa = XCConfigurationList;
			buildConfigurations = (
				2AC86A0D10EE8C13000743D2 /* Debug */,
				2AC86A0E10EE8C13000743D2 /* Release */,
			);
			defaultConfigurationIsVisible = 0;
			defaultConfigurationName = Release;
		};
/* End XCConfigurationList section */
	};
	rootObject = 0867D690FE84028FC02AAC07 /* Project object */;
}
